
Microsoft Visual Studio Solution File, Format Version 12.00
# Visual Studio Version 16
VisualStudioVersion = 16.0.31005.135
MinimumVisualStudioVersion = 10.0.40219.1
Project("{FAE04EC0-301F-11D3-BF4B-00C04F79EFBC}") = "StrategyDemo", "StrategyDemo.csproj", "{D4B4F798-7B2D-4B0D-BF4C-8646AD39576B}"
EndProject
Global
	GlobalSection(SolutionConfigurationPlatforms) = preSolution
		Debug|Any CPU = Debug|Any CPU
		Release|Any CPU = Release|Any CPU
	EndGlobalSection
	GlobalSection(ProjectConfigurationPlatforms) = postSolution
		{D4B4F798-7B2D-4B0D-BF4C-8646AD39576B}.Debug|Any CPU.ActiveCfg = Debug|Any CPU
		{D4B4F798-7B2D-4B0D-BF4C-8646AD39576B}.Debug|Any CPU.Build.0 = Debug|Any CPU
		{D4B4F798-7B2D-4B0D-BF4C-8646AD39576B}.Release|Any CPU.ActiveCfg = Release|Any CPU
		{D4B4F798-7B2D-4B0D-BF4C-8646AD39576B}.Release|Any CPU.Build.0 = Release|Any CPU
	EndGlobalSection
	GlobalSection(SolutionProperties) = preSolution
		HideSolutionNode = FALSE
	EndGlobalSection
	GlobalSection(ExtensibilityGlobals) = postSolution
		SolutionGuid = {AC7E90CB-98AF-415F-A4A5-3BC9B3994690}
	EndGlobalSection
EndGlobal
